
Microsoft Visual Studio Solution File, Format Version 12.00
Project("{D954291E-2A0B-460D-934E-DC6B0785DB48}") = "ChristianTools", "ChristianTools\ChristianTools.shproj", "{26A22D1F-C112-47FD-B86E-AD89A5B71068}"
EndProject
Project("{FAE04EC0-301F-11D3-BF4B-00C04F79EFBC}") = "CrossPlatform", "CrossPlatform\CrossPlatform.csproj", "{60A6AFDB-6109-4C62-8AB8-BC5B510AD6B1}"
EndProject
Project("{D954291E-2A0B-460D-934E-DC6B0785DB48}") = "Showroom", "Showroom\Showroom.shproj", "{FEF65956-6423-4F2C-9059-4572D2F1D6C9}"
EndProject
Project("{FAE04EC0-301F-11D3-BF4B-00C04F79EFBC}") = "Android", "Android\Android.csproj", "{AABD508C-DC4F-49CA-BB87-3A7E72D75926}"
EndProject
Project("{FAE04EC0-301F-11D3-BF4B-00C04F79EFBC}") = "iOS", "iOS\iOS.csproj", "{B9A3BF41-B292-4CFB-A656-75F080451D9F}"
EndProject
Global
	GlobalSection(SolutionConfigurationPlatforms) = preSolution
		Debug|Any CPU = Debug|Any CPU
		Release|Any CPU = Release|Any CPU
	EndGlobalSection
	GlobalSection(ProjectConfigurationPlatforms) = postSolution
		{60A6AFDB-6109-4C62-8AB8-BC5B510AD6B1}.Debug|Any CPU.ActiveCfg = Debug|Any CPU
		{60A6AFDB-6109-4C62-8AB8-BC5B510AD6B1}.Debug|Any CPU.Build.0 = Debug|Any CPU
		{60A6AFDB-6109-4C62-8AB8-BC5B510AD6B1}.Release|Any CPU.ActiveCfg = Release|Any CPU
		{60A6AFDB-6109-4C62-8AB8-BC5B510AD6B1}.Release|Any CPU.Build.0 = Release|Any CPU
		{AABD508C-DC4F-49CA-BB87-3A7E72D75926}.Debug|Any CPU.ActiveCfg = Debug|Any CPU
		{AABD508C-DC4F-49CA-BB87-3A7E72D75926}.Debug|Any CPU.Build.0 = Debug|Any CPU
		{AABD508C-DC4F-49CA-BB87-3A7E72D75926}.Release|Any CPU.ActiveCfg = Release|Any CPU
		{AABD508C-DC4F-49CA-BB87-3A7E72D75926}.Release|Any CPU.Build.0 = Release|Any CPU
		{B9A3BF41-B292-4CFB-A656-75F080451D9F}.Debug|Any CPU.ActiveCfg = Debug|Any CPU
		{B9A3BF41-B292-4CFB-A656-75F080451D9F}.Debug|Any CPU.Build.0 = Debug|Any CPU
		{B9A3BF41-B292-4CFB-A656-75F080451D9F}.Release|Any CPU.ActiveCfg = Release|Any CPU
		{B9A3BF41-B292-4CFB-A656-75F080451D9F}.Release|Any CPU.Build.0 = Release|Any CPU
	EndGlobalSection
EndGlobal
