
Microsoft Visual Studio Solution File, Format Version 12.00
# Visual Studio Version 16
VisualStudioVersion = 25.0.1700.3
MinimumVisualStudioVersion = 10.0.40219.1
Project("{FAE04EC0-301F-11D3-BF4B-00C04F79EFBC}") = "Tests", "Tests\Tests.csproj", "{4DAADD92-0880-45D5-B726-67C4948B407E}"
EndProject
Project("{FAE04EC0-301F-11D3-BF4B-00C04F79EFBC}") = "Showroom_macOS", "Showroom_macOS\Showroom_macOS.csproj", "{87A18C88-9658-4070-A2F5-AA367304F3AF}"
EndProject
Project("{FAE04EC0-301F-11D3-BF4B-00C04F79EFBC}") = "Showroom_Core", "Showroom_Core\Showroom_Core.csproj", "{B9B446B0-A876-4952-806E-B924288840FC}"
EndProject
Project("{D954291E-2A0B-460D-934E-DC6B0785DB48}") = "Shared", "Shared\Shared.shproj", "{F5F95732-8049-455E-8C64-A492809A988F}"
EndProject
Project("{D954291E-2A0B-460D-934E-DC6B0785DB48}") = "ChristianTools", "ChristianTools\ChristianTools.shproj", "{859C4805-7FB8-4BF8-82A3-8523829756FE}"
EndProject
Project("{FAE04EC0-301F-11D3-BF4B-00C04F79EFBC}") = "Template", "Template\Template.csproj", "{BF38D661-813C-4A78-9064-D91BDEE03C83}"
EndProject
Project("{FAE04EC0-301F-11D3-BF4B-00C04F79EFBC}") = "My_EasyTests_Core", "My_EasyTests_Core\My_EasyTests_Core.csproj", "{FBC26897-744F-452B-9E9A-37A4BBACB6B8}"
EndProject
Project("{FAE04EC0-301F-11D3-BF4B-00C04F79EFBC}") = "ChristianTools_Core", "ChristianTools_Core\ChristianTools_Core.csproj", "{3A18485B-0C68-4B50-A277-E3164D2D51FC}"
EndProject
Project("{FAE04EC0-301F-11D3-BF4B-00C04F79EFBC}") = "ChristianTools_Standard", "ChristianTools_Standard\ChristianTools_Standard.csproj", "{A154CE40-7D97-4EE8-97D3-C0EF76CFF33B}"
EndProject
Global
	GlobalSection(SolutionConfigurationPlatforms) = preSolution
		Debug|Any CPU = Debug|Any CPU
		Release|Any CPU = Release|Any CPU
	EndGlobalSection
	GlobalSection(ProjectConfigurationPlatforms) = postSolution
		{4DAADD92-0880-45D5-B726-67C4948B407E}.Debug|Any CPU.ActiveCfg = Debug|Any CPU
		{4DAADD92-0880-45D5-B726-67C4948B407E}.Debug|Any CPU.Build.0 = Debug|Any CPU
		{4DAADD92-0880-45D5-B726-67C4948B407E}.Release|Any CPU.ActiveCfg = Release|Any CPU
		{4DAADD92-0880-45D5-B726-67C4948B407E}.Release|Any CPU.Build.0 = Release|Any CPU
		{87A18C88-9658-4070-A2F5-AA367304F3AF}.Debug|Any CPU.ActiveCfg = Debug|Any CPU
		{87A18C88-9658-4070-A2F5-AA367304F3AF}.Debug|Any CPU.Build.0 = Debug|Any CPU
		{87A18C88-9658-4070-A2F5-AA367304F3AF}.Release|Any CPU.ActiveCfg = Release|Any CPU
		{87A18C88-9658-4070-A2F5-AA367304F3AF}.Release|Any CPU.Build.0 = Release|Any CPU
		{B9B446B0-A876-4952-806E-B924288840FC}.Debug|Any CPU.ActiveCfg = Debug|Any CPU
		{B9B446B0-A876-4952-806E-B924288840FC}.Debug|Any CPU.Build.0 = Debug|Any CPU
		{B9B446B0-A876-4952-806E-B924288840FC}.Release|Any CPU.ActiveCfg = Release|Any CPU
		{B9B446B0-A876-4952-806E-B924288840FC}.Release|Any CPU.Build.0 = Release|Any CPU
		{BF38D661-813C-4A78-9064-D91BDEE03C83}.Debug|Any CPU.ActiveCfg = Debug|Any CPU
		{BF38D661-813C-4A78-9064-D91BDEE03C83}.Debug|Any CPU.Build.0 = Debug|Any CPU
		{BF38D661-813C-4A78-9064-D91BDEE03C83}.Release|Any CPU.ActiveCfg = Release|Any CPU
		{BF38D661-813C-4A78-9064-D91BDEE03C83}.Release|Any CPU.Build.0 = Release|Any CPU
		{FBC26897-744F-452B-9E9A-37A4BBACB6B8}.Debug|Any CPU.ActiveCfg = Debug|Any CPU
		{FBC26897-744F-452B-9E9A-37A4BBACB6B8}.Debug|Any CPU.Build.0 = Debug|Any CPU
		{FBC26897-744F-452B-9E9A-37A4BBACB6B8}.Release|Any CPU.ActiveCfg = Release|Any CPU
		{FBC26897-744F-452B-9E9A-37A4BBACB6B8}.Release|Any CPU.Build.0 = Release|Any CPU
		{3A18485B-0C68-4B50-A277-E3164D2D51FC}.Debug|Any CPU.ActiveCfg = Debug|Any CPU
		{3A18485B-0C68-4B50-A277-E3164D2D51FC}.Debug|Any CPU.Build.0 = Debug|Any CPU
		{3A18485B-0C68-4B50-A277-E3164D2D51FC}.Release|Any CPU.ActiveCfg = Release|Any CPU
		{3A18485B-0C68-4B50-A277-E3164D2D51FC}.Release|Any CPU.Build.0 = Release|Any CPU
		{A154CE40-7D97-4EE8-97D3-C0EF76CFF33B}.Debug|Any CPU.ActiveCfg = Debug|Any CPU
		{A154CE40-7D97-4EE8-97D3-C0EF76CFF33B}.Debug|Any CPU.Build.0 = Debug|Any CPU
		{A154CE40-7D97-4EE8-97D3-C0EF76CFF33B}.Release|Any CPU.ActiveCfg = Release|Any CPU
		{A154CE40-7D97-4EE8-97D3-C0EF76CFF33B}.Release|Any CPU.Build.0 = Release|Any CPU
	EndGlobalSection
	GlobalSection(SolutionProperties) = preSolution
		HideSolutionNode = FALSE
	EndGlobalSection
	GlobalSection(ExtensibilityGlobals) = postSolution
		SolutionGuid = {B74E169E-77FF-4E14-A70B-7F4E28F67C32}
	EndGlobalSection
EndGlobal
