
Microsoft Visual Studio Solution File, Format Version 12.00
# Visual Studio Version 16
VisualStudioVersion = 16.0.808.6
MinimumVisualStudioVersion = 10.0.40219.1
Project("{FAE04EC0-301F-11D3-BF4B-00C04F79EFBC}") = "Showroom_dotNet5", "Showroom_dotNet5\Showroom_dotNet5.csproj", "{58B4CBCF-C26E-4C64-AB8B-8B7CC63E8820}"
EndProject
Project("{D954291E-2A0B-460D-934E-DC6B0785DB48}") = "zUI", "zUI\zUI.shproj", "{7D244132-1A04-4DDC-9226-C930CE5444E6}"
EndProject
Project("{D954291E-2A0B-460D-934E-DC6B0785DB48}") = "zTools", "zTools\zTools.shproj", "{D60AF7BE-2C38-4681-BA98-9039780BAD3A}"
EndProject
Project("{D954291E-2A0B-460D-934E-DC6B0785DB48}") = "zAssets", "zAssets\zAssets.shproj", "{37980359-51A9-4B68-AAD6-4B9B7EB07972}"
EndProject
Project("{D954291E-2A0B-460D-934E-DC6B0785DB48}") = "zPhysics", "zPhysics\zPhysics.shproj", "{22F283AB-5776-4E10-A1AD-0E8FDE91C5A3}"
EndProject
Project("{D954291E-2A0B-460D-934E-DC6B0785DB48}") = "zTopView_RPG", "zTopView_RPG\zTopView_RPG.shproj", "{ED877A14-7DC7-43B7-82F0-5547C7B8FFD4}"
EndProject
Project("{D954291E-2A0B-460D-934E-DC6B0785DB48}") = "zWorldElements", "zWorldElements\zWorldElements.shproj", "{9282EB3F-168D-424A-ACF3-B39917467ED2}"
EndProject
Project("{FAE04EC0-301F-11D3-BF4B-00C04F79EFBC}") = "Tests", "Tests\Tests.csproj", "{D9055A24-FEF5-4BD7-B5DA-3347A6044EE6}"
EndProject
Project("{FAE04EC0-301F-11D3-BF4B-00C04F79EFBC}") = "My_Template", "My_Template\My_Template.csproj", "{B461CE81-BC00-41DE-9B5F-CB9F3DAAFB2C}"
EndProject
Project("{FAE04EC0-301F-11D3-BF4B-00C04F79EFBC}") = "My_EasyTests", "My_EasyTests\My_EasyTests.csproj", "{68DD715C-4BA0-4C08-BB96-458BBCB7A0D4}"
EndProject
Global
	GlobalSection(SharedMSBuildProjectFiles) = preSolution
		zPhysics\zPhysics.projitems*{22f283ab-5776-4e10-a1ad-0e8fde91c5a3}*SharedItemsImports = 13
		zAssets\zAssets.projitems*{37980359-51a9-4b68-aad6-4b9b7eb07972}*SharedItemsImports = 13
		zUI\zUI.projitems*{7d244132-1a04-4ddc-9226-c930ce5444e6}*SharedItemsImports = 13
		zTools\zTools.projitems*{d60af7be-2c38-4681-ba98-9039780bad3a}*SharedItemsImports = 13
	EndGlobalSection
	GlobalSection(SolutionConfigurationPlatforms) = preSolution
		Debug|anycpu = Debug|anycpu
		Release|anycpu = Release|anycpu
	EndGlobalSection
	GlobalSection(ProjectConfigurationPlatforms) = postSolution
		{58B4CBCF-C26E-4C64-AB8B-8B7CC63E8820}.Debug|anycpu.ActiveCfg = Debug|Any CPU
		{58B4CBCF-C26E-4C64-AB8B-8B7CC63E8820}.Debug|anycpu.Build.0 = Debug|Any CPU
		{58B4CBCF-C26E-4C64-AB8B-8B7CC63E8820}.Release|anycpu.ActiveCfg = Release|Any CPU
		{58B4CBCF-C26E-4C64-AB8B-8B7CC63E8820}.Release|anycpu.Build.0 = Release|Any CPU
		{D9055A24-FEF5-4BD7-B5DA-3347A6044EE6}.Debug|anycpu.ActiveCfg = Debug|Any CPU
		{D9055A24-FEF5-4BD7-B5DA-3347A6044EE6}.Debug|anycpu.Build.0 = Debug|Any CPU
		{D9055A24-FEF5-4BD7-B5DA-3347A6044EE6}.Release|anycpu.ActiveCfg = Release|Any CPU
		{D9055A24-FEF5-4BD7-B5DA-3347A6044EE6}.Release|anycpu.Build.0 = Release|Any CPU
		{B461CE81-BC00-41DE-9B5F-CB9F3DAAFB2C}.Debug|anycpu.ActiveCfg = Debug|Any CPU
		{B461CE81-BC00-41DE-9B5F-CB9F3DAAFB2C}.Debug|anycpu.Build.0 = Debug|Any CPU
		{B461CE81-BC00-41DE-9B5F-CB9F3DAAFB2C}.Release|anycpu.ActiveCfg = Release|Any CPU
		{B461CE81-BC00-41DE-9B5F-CB9F3DAAFB2C}.Release|anycpu.Build.0 = Release|Any CPU
		{68DD715C-4BA0-4C08-BB96-458BBCB7A0D4}.Debug|anycpu.ActiveCfg = Debug|Any CPU
		{68DD715C-4BA0-4C08-BB96-458BBCB7A0D4}.Debug|anycpu.Build.0 = Debug|Any CPU
		{68DD715C-4BA0-4C08-BB96-458BBCB7A0D4}.Release|anycpu.ActiveCfg = Release|Any CPU
		{68DD715C-4BA0-4C08-BB96-458BBCB7A0D4}.Release|anycpu.Build.0 = Release|Any CPU
	EndGlobalSection
	GlobalSection(SolutionProperties) = preSolution
		HideSolutionNode = FALSE
	EndGlobalSection
	GlobalSection(ExtensibilityGlobals) = postSolution
		SolutionGuid = {D0F484E6-D26B-4717-B459-C284C52C0451}
	EndGlobalSection
EndGlobal
