
Microsoft Visual Studio Solution File, Format Version 12.00
# Visual Studio Version 16
VisualStudioVersion = 16.0.808.4
MinimumVisualStudioVersion = 10.0.40219.1
Project("{FAE04EC0-301F-11D3-BF4B-00C04F79EFBC}") = "Game_UI_Test", "Game_UI_Test\Game_UI_Test.csproj", "{FD35E340-D04F-4692-A28D-18E63ECD5630}"
EndProject
Project("{D954291E-2A0B-460D-934E-DC6B0785DB48}") = "Monogame_UI", "Monogame_UI\Monogame_UI.shproj", "{5D212934-7594-4461-9329-9A7B10DE4B7F}"
EndProject
Global
	GlobalSection(SolutionConfigurationPlatforms) = preSolution
		Debug|Any CPU = Debug|Any CPU
		Release|Any CPU = Release|Any CPU
	EndGlobalSection
	GlobalSection(ProjectConfigurationPlatforms) = postSolution
		{FD35E340-D04F-4692-A28D-18E63ECD5630}.Debug|Any CPU.ActiveCfg = Debug|Any CPU
		{FD35E340-D04F-4692-A28D-18E63ECD5630}.Debug|Any CPU.Build.0 = Debug|Any CPU
		{FD35E340-D04F-4692-A28D-18E63ECD5630}.Release|Any CPU.ActiveCfg = Release|Any CPU
		{FD35E340-D04F-4692-A28D-18E63ECD5630}.Release|Any CPU.Build.0 = Release|Any CPU
	EndGlobalSection
	GlobalSection(SolutionProperties) = preSolution
		HideSolutionNode = FALSE
	EndGlobalSection
	GlobalSection(ExtensibilityGlobals) = postSolution
		SolutionGuid = {9C3D92DB-5EF5-49A6-BEF9-004571A499CE}
	EndGlobalSection
EndGlobal
